// !$*UTF8*$!
{
	archiveVersion = 1;
	classes = {
	};
	objectVersion = 56;
	objects = {

/* Begin PBXBuildFile section */
		E83FD2772BAADBAC0022880B /* AppDelegate.m in Sources */ = {isa = PBXBuildFile; fileRef = E83FD2762BAADBAC0022880B /* AppDelegate.m */; };
		E83FD27A2BAADBAC0022880B /* SceneDelegate.m in Sources */ = {isa = PBXBuildFile; fileRef = E83FD2792BAADBAC0022880B /* SceneDelegate.m */; };
		E83FD27D2BAADBAC0022880B /* ViewController.m in Sources */ = {isa = PBXBuildFile; fileRef = E83FD27C2BAADBAC0022880B /* ViewController.m */; };
		E83FD2802BAADBAC0022880B /* Main.storyboard in Resources */ = {isa = PBXBuildFile; fileRef = E83FD27E2BAADBAC0022880B /* Main.storyboard */; };
		E83FD2822BAADBAE0022880B /* Assets.xcassets in Resources */ = {isa = PBXBuildFile; fileRef = E83FD2812BAADBAE0022880B /* Assets.xcassets */; };
		E83FD2852BAADBAE0022880B /* LaunchScreen.storyboard in Resources */ = {isa = PBXBuildFile; fileRef = E83FD2832BAADBAE0022880B /* LaunchScreen.storyboard */; };
		E83FD2882BAADBAE0022880B /* main.m in Sources */ = {isa = PBXBuildFile; fileRef = E83FD2872BAADBAE0022880B /* main.m */; };
		E83FD2902BAADC480022880B /* Person.swift in Sources */ = {isa = PBXBuildFile; fileRef = E83FD28F2BAADC480022880B /* Person.swift */; };
		E83FD2932BAADE4F0022880B /* OCTest.m in Sources */ = {isa = PBXBuildFile; fileRef = E83FD2912BAADE4F0022880B /* OCTest.m */; };
/* End PBXBuildFile section */

/* Begin PBXFileReference section */
		E83FD2722BAADBAC0022880B /* OCAppUsingSwift.app */ = {isa = PBXFileReference; explicitFileType = wrapper.application; includeInIndex = 0; path = OCAppUsingSwift.app; sourceTree = BUILT_PRODUCTS_DIR; };
		E83FD2752BAADBAC0022880B /* AppDelegate.h */ = {isa = PBXFileReference; lastKnownFileType = sourcecode.c.h; path = AppDelegate.h; sourceTree = "<group>"; };
		E83FD2762BAADBAC0022880B /* AppDelegate.m */ = {isa = PBXFileReference; lastKnownFileType = sourcecode.c.objc; path = AppDelegate.m; sourceTree = "<group>"; };
		E83FD2782BAADBAC0022880B /* SceneDelegate.h */ = {isa = PBXFileReference; lastKnownFileType = sourcecode.c.h; path = SceneDelegate.h; sourceTree = "<group>"; };
		E83FD2792BAADBAC0022880B /* SceneDelegate.m */ = {isa = PBXFileReference; lastKnownFileType = sourcecode.c.objc; path = SceneDelegate.m; sourceTree = "<group>"; };
		E83FD27B2BAADBAC0022880B /* ViewController.h */ = {isa = PBXFileReference; lastKnownFileType = sourcecode.c.h; path = ViewController.h; sourceTree = "<group>"; };
		E83FD27C2BAADBAC0022880B /* ViewController.m */ = {isa = PBXFileReference; lastKnownFileType = sourcecode.c.objc; path = ViewController.m; sourceTree = "<group>"; };
		E83FD27F2BAADBAC0022880B /* Base */ = {isa = PBXFileReference; lastKnownFileType = file.storyboard; name = Base; path = Base.lproj/Main.storyboard; sourceTree = "<group>"; };
		E83FD2812BAADBAE0022880B /* Assets.xcassets */ = {isa = PBXFileReference; lastKnownFileType = folder.assetcatalog; path = Assets.xcassets; sourceTree = "<group>"; };
		E83FD2842BAADBAE0022880B /* Base */ = {isa = PBXFileReference; lastKnownFileType = file.storyboard; name = Base; path = Base.lproj/LaunchScreen.storyboard; sourceTree = "<group>"; };
		E83FD2862BAADBAE0022880B /* Info.plist */ = {isa = PBXFileReference; lastKnownFileType = text.plist.xml; path = Info.plist; sourceTree = "<group>"; };
		E83FD2872BAADBAE0022880B /* main.m */ = {isa = PBXFileReference; lastKnownFileType = sourcecode.c.objc; path = main.m; sourceTree = "<group>"; };
		E83FD28E2BAADC470022880B /* OCAppUsingSwift-Bridging-Header.h */ = {isa = PBXFileReference; lastKnownFileType = sourcecode.c.h; path = "OCAppUsingSwift-Bridging-Header.h"; sourceTree = "<group>"; };
		E83FD28F2BAADC480022880B /* Person.swift */ = {isa = PBXFileReference; fileEncoding = 4; lastKnownFileType = sourcecode.swift; path = Person.swift; sourceTree = "<group>"; };
		E83FD2912BAADE4F0022880B /* OCTest.m */ = {isa = PBXFileReference; fileEncoding = 4; lastKnownFileType = sourcecode.c.objc; path = OCTest.m; sourceTree = "<group>"; };
		E83FD2922BAADE4F0022880B /* OCTest.h */ = {isa = PBXFileReference; fileEncoding = 4; lastKnownFileType = sourcecode.c.h; path = OCTest.h; sourceTree = "<group>"; };
/* End PBXFileReference section */

/* Begin PBXFrameworksBuildPhase section */
		E83FD26F2BAADBAC0022880B /* Frameworks */ = {
			isa = PBXFrameworksBuildPhase;
			buildActionMask = 2147483647;
			files = (
			);
			runOnlyForDeploymentPostprocessing = 0;
		};
/* End PBXFrameworksBuildPhase section */

/* Begin PBXGroup section */
		E83FD2692BAADBAC0022880B = {
			isa = PBXGroup;
			children = (
				E83FD2742BAADBAC0022880B /* OCAppUsingSwift */,
				E83FD2732BAADBAC0022880B /* Products */,
			);
			sourceTree = "<group>";
		};
		E83FD2732BAADBAC0022880B /* Products */ = {
			isa = PBXGroup;
			children = (
				E83FD2722BAADBAC0022880B /* OCAppUsingSwift.app */,
			);
			name = Products;
			sourceTree = "<group>";
		};
		E83FD2742BAADBAC0022880B /* OCAppUsingSwift */ = {
			isa = PBXGroup;
			children = (
				E83FD2752BAADBAC0022880B /* AppDelegate.h */,
				E83FD2762BAADBAC0022880B /* AppDelegate.m */,
				E83FD2782BAADBAC0022880B /* SceneDelegate.h */,
				E83FD2792BAADBAC0022880B /* SceneDelegate.m */,
				E83FD27B2BAADBAC0022880B /* ViewController.h */,
				E83FD27C2BAADBAC0022880B /* ViewController.m */,
				E83FD2922BAADE4F0022880B /* OCTest.h */,
				E83FD2912BAADE4F0022880B /* OCTest.m */,
				E83FD28F2BAADC480022880B /* Person.swift */,
				E83FD27E2BAADBAC0022880B /* Main.storyboard */,
				E83FD2812BAADBAE0022880B /* Assets.xcassets */,
				E83FD2832BAADBAE0022880B /* LaunchScreen.storyboard */,
				E83FD2862BAADBAE0022880B /* Info.plist */,
				E83FD2872BAADBAE0022880B /* main.m */,
				E83FD28E2BAADC470022880B /* OCAppUsingSwift-Bridging-Header.h */,
			);
			path = OCAppUsingSwift;
			sourceTree = "<group>";
		};
/* End PBXGroup section */

/* Begin PBXNativeTarget section */
		E83FD2712BAADBAC0022880B /* OCAppUsingSwift */ = {
			isa = PBXNativeTarget;
			buildConfigurationList = E83FD28B2BAADBAE0022880B /* Build configuration list for PBXNativeTarget "OCAppUsingSwift" */;
			buildPhases = (
				E83FD26E2BAADBAC0022880B /* Sources */,
				E83FD26F2BAADBAC0022880B /* Frameworks */,
				E83FD2702BAADBAC0022880B /* Resources */,
			);
			buildRules = (
			);
			dependencies = (
			);
			name = OCAppUsingSwift;
			productName = OCAppUsingSwift;
			productReference = E83FD2722BAADBAC0022880B /* OCAppUsingSwift.app */;
			productType = "com.apple.product-type.application";
		};
/* End PBXNativeTarget section */

/* Begin PBXProject section */
		E83FD26A2BAADBAC0022880B /* Project object */ = {
			isa = PBXProject;
			attributes = {
				BuildIndependentTargetsInParallel = 1;
				LastUpgradeCheck = 1420;
				TargetAttributes = {
					E83FD2712BAADBAC0022880B = {
						CreatedOnToolsVersion = 14.2;
						LastSwiftMigration = 1420;
					};
				};
			};
			buildConfigurationList = E83FD26D2BAADBAC0022880B /* Build configuration list for PBXProject "OCAppUsingSwift" */;
			compatibilityVersion = "Xcode 14.0";
			developmentRegion = en;
			hasScannedForEncodings = 0;
			knownRegions = (
				en,
				Base,
			);
			mainGroup = E83FD2692BAADBAC0022880B;
			productRefGroup = E83FD2732BAADBAC0022880B /* Products */;
			projectDirPath = "";
			projectRoot = "";
			targets = (
				E83FD2712BAADBAC0022880B /* OCAppUsingSwift */,
			);
		};
/* End PBXProject section */

/* Begin PBXResourcesBuildPhase section */
		E83FD2702BAADBAC0022880B /* Resources */ = {
			isa = PBXResourcesBuildPhase;
			buildActionMask = 2147483647;
			files = (
				E83FD2852BAADBAE0022880B /* LaunchScreen.storyboard in Resources */,
				E83FD2822BAADBAE0022880B /* Assets.xcassets in Resources */,
				E83FD2802BAADBAC0022880B /* Main.storyboard in Resources */,
			);
			runOnlyForDeploymentPostprocessing = 0;
		};
/* End PBXResourcesBuildPhase section */

/* Begin PBXSourcesBuildPhase section */
		E83FD26E2BAADBAC0022880B /* Sources */ = {
			isa = PBXSourcesBuildPhase;
			buildActionMask = 2147483647;
			files = (
				E83FD2902BAADC480022880B /* Person.swift in Sources */,
				E83FD2932BAADE4F0022880B /* OCTest.m in Sources */,
				E83FD27D2BAADBAC0022880B /* ViewController.m in Sources */,
				E83FD2772BAADBAC0022880B /* AppDelegate.m in Sources */,
				E83FD2882BAADBAE0022880B /* main.m in Sources */,
				E83FD27A2BAADBAC0022880B /* SceneDelegate.m in Sources */,
			);
			runOnlyForDeploymentPostprocessing = 0;
		};
/* End PBXSourcesBuildPhase section */

/* Begin PBXVariantGroup section */
		E83FD27E2BAADBAC0022880B /* Main.storyboard */ = {
			isa = PBXVariantGroup;
			children = (
				E83FD27F2BAADBAC0022880B /* Base */,
			);
			name = Main.storyboard;
			sourceTree = "<group>";
		};
		E83FD2832BAADBAE0022880B /* LaunchScreen.storyboard */ = {
			isa = PBXVariantGroup;
			children = (
				E83FD2842BAADBAE0022880B /* Base */,
			);
			name = LaunchScreen.storyboard;
			sourceTree = "<group>";
		};
/* End PBXVariantGroup section */

/* Begin XCBuildConfiguration section */
		E83FD2892BAADBAE0022880B /* Debug */ = {
			isa = XCBuildConfiguration;
			buildSettings = {
				ALWAYS_SEARCH_USER_PATHS = NO;
				CLANG_ANALYZER_NONNULL = YES;
				CLANG_ANALYZER_NUMBER_OBJECT_CONVERSION = YES_AGGRESSIVE;
				CLANG_CXX_LANGUAGE_STANDARD = "gnu++20";
				CLANG_ENABLE_MODULES = YES;
				CLANG_ENABLE_OBJC_ARC = YES;
				CLANG_ENABLE_OBJC_WEAK = YES;
				CLANG_WARN_BLOCK_CAPTURE_AUTORELEASING = YES;
				CLANG_WARN_BOOL_CONVERSION = YES;
				CLANG_WARN_COMMA = YES;
				CLANG_WARN_CONSTANT_CONVERSION = YES;
				CLANG_WARN_DEPRECATED_OBJC_IMPLEMENTATIONS = YES;
				CLANG_WARN_DIRECT_OBJC_ISA_USAGE = YES_ERROR;
				CLANG_WARN_DOCUMENTATION_COMMENTS = YES;
				CLANG_WARN_EMPTY_BODY = YES;
				CLANG_WARN_ENUM_CONVERSION = YES;
				CLANG_WARN_INFINITE_RECURSION = YES;
				CLANG_WARN_INT_CONVERSION = YES;
				CLANG_WARN_NON_LITERAL_NULL_CONVERSION = YES;
				CLANG_WARN_OBJC_IMPLICIT_RETAIN_SELF = YES;
				CLANG_WARN_OBJC_LITERAL_CONVERSION = YES;
				CLANG_WARN_OBJC_ROOT_CLASS = YES_ERROR;
				CLANG_WARN_QUOTED_INCLUDE_IN_FRAMEWORK_HEADER = YES;
				CLANG_WARN_RANGE_LOOP_ANALYSIS = YES;
				CLANG_WARN_STRICT_PROTOTYPES = YES;
				CLANG_WARN_SUSPICIOUS_MOVE = YES;
				CLANG_WARN_UNGUARDED_AVAILABILITY = YES_AGGRESSIVE;
				CLANG_WARN_UNREACHABLE_CODE = YES;
				CLANG_WARN__DUPLICATE_METHOD_MATCH = YES;
				COPY_PHASE_STRIP = NO;
				DEBUG_INFORMATION_FORMAT = dwarf;
				ENABLE_STRICT_OBJC_MSGSEND = YES;
				ENABLE_TESTABILITY = YES;
				GCC_C_LANGUAGE_STANDARD = gnu11;
				GCC_DYNAMIC_NO_PIC = NO;
				GCC_NO_COMMON_BLOCKS = YES;
				GCC_OPTIMIZATION_LEVEL = 0;
				GCC_PREPROCESSOR_DEFINITIONS = (
					"DEBUG=1",
					"$(inherited)",
				);
				GCC_WARN_64_TO_32_BIT_CONVERSION = YES;
				GCC_WARN_ABOUT_RETURN_TYPE = YES_ERROR;
				GCC_WARN_UNDECLARED_SELECTOR = YES;
				GCC_WARN_UNINITIALIZED_AUTOS = YES_AGGRESSIVE;
				GCC_WARN_UNUSED_FUNCTION = YES;
				GCC_WARN_UNUSED_VARIABLE = YES;
				IPHONEOS_DEPLOYMENT_TARGET = 16.2;
				MTL_ENABLE_DEBUG_INFO = INCLUDE_SOURCE;
				MTL_FAST_MATH = YES;
				ONLY_ACTIVE_ARCH = YES;
				SDKROOT = iphoneos;
			};
			name = Debug;
		};
		E83FD28A2BAADBAE0022880B /* Release */ = {
			isa = XCBuildConfiguration;
			buildSettings = {
				ALWAYS_SEARCH_USER_PATHS = NO;
				CLANG_ANALYZER_NONNULL = YES;
				CLANG_ANALYZER_NUMBER_OBJECT_CONVERSION = YES_AGGRESSIVE;
				CLANG_CXX_LANGUAGE_STANDARD = "gnu++20";
				CLANG_ENABLE_MODULES = YES;
				CLANG_ENABLE_OBJC_ARC = YES;
				CLANG_ENABLE_OBJC_WEAK = YES;
				CLANG_WARN_BLOCK_CAPTURE_AUTORELEASING = YES;
				CLANG_WARN_BOOL_CONVERSION = YES;
				CLANG_WARN_COMMA = YES;
				CLANG_WARN_CONSTANT_CONVERSION = YES;
				CLANG_WARN_DEPRECATED_OBJC_IMPLEMENTATIONS = YES;
				CLANG_WARN_DIRECT_OBJC_ISA_USAGE = YES_ERROR;
				CLANG_WARN_DOCUMENTATION_COMMENTS = YES;
				CLANG_WARN_EMPTY_BODY = YES;
				CLANG_WARN_ENUM_CONVERSION = YES;
				CLANG_WARN_INFINITE_RECURSION = YES;
				CLANG_WARN_INT_CONVERSION = YES;
				CLANG_WARN_NON_LITERAL_NULL_CONVERSION = YES;
				CLANG_WARN_OBJC_IMPLICIT_RETAIN_SELF = YES;
				CLANG_WARN_OBJC_LITERAL_CONVERSION = YES;
				CLANG_WARN_OBJC_ROOT_CLASS = YES_ERROR;
				CLANG_WARN_QUOTED_INCLUDE_IN_FRAMEWORK_HEADER = YES;
				CLANG_WARN_RANGE_LOOP_ANALYSIS = YES;
				CLANG_WARN_STRICT_PROTOTYPES = YES;
				CLANG_WARN_SUSPICIOUS_MOVE = YES;
				CLANG_WARN_UNGUARDED_AVAILABILITY = YES_AGGRESSIVE;
				CLANG_WARN_UNREACHABLE_CODE = YES;
				CLANG_WARN__DUPLICATE_METHOD_MATCH = YES;
				COPY_PHASE_STRIP = NO;
				DEBUG_INFORMATION_FORMAT = "dwarf-with-dsym";
				ENABLE_NS_ASSERTIONS = NO;
				ENABLE_STRICT_OBJC_MSGSEND = YES;
				GCC_C_LANGUAGE_STANDARD = gnu11;
				GCC_NO_COMMON_BLOCKS = YES;
				GCC_WARN_64_TO_32_BIT_CONVERSION = YES;
				GCC_WARN_ABOUT_RETURN_TYPE = YES_ERROR;
				GCC_WARN_UNDECLARED_SELECTOR = YES;
				GCC_WARN_UNINITIALIZED_AUTOS = YES_AGGRESSIVE;
				GCC_WARN_UNUSED_FUNCTION = YES;
				GCC_WARN_UNUSED_VARIABLE = YES;
				IPHONEOS_DEPLOYMENT_TARGET = 16.2;
				MTL_ENABLE_DEBUG_INFO = NO;
				MTL_FAST_MATH = YES;
				SDKROOT = iphoneos;
				VALIDATE_PRODUCT = YES;
			};
			name = Release;
		};
		E83FD28C2BAADBAE0022880B /* Debug */ = {
			isa = XCBuildConfiguration;
			buildSettings = {
				ASSETCATALOG_COMPILER_APPICON_NAME = AppIcon;
				ASSETCATALOG_COMPILER_GLOBAL_ACCENT_COLOR_NAME = AccentColor;
				CLANG_ENABLE_MODULES = YES;
				CODE_SIGN_STYLE = Automatic;
				CURRENT_PROJECT_VERSION = 1;
				DEVELOPMENT_TEAM = 2CKS67V9L2;
				GENERATE_INFOPLIST_FILE = YES;
				INFOPLIST_FILE = OCAppUsingSwift/Info.plist;
				INFOPLIST_KEY_UIApplicationSupportsIndirectInputEvents = YES;
				INFOPLIST_KEY_UILaunchStoryboardName = LaunchScreen;
				INFOPLIST_KEY_UIMainStoryboardFile = Main;
				INFOPLIST_KEY_UISupportedInterfaceOrientations_iPad = "UIInterfaceOrientationPortrait UIInterfaceOrientationPortraitUpsideDown UIInterfaceOrientationLandscapeLeft UIInterfaceOrientationLandscapeRight";
				INFOPLIST_KEY_UISupportedInterfaceOrientations_iPhone = "UIInterfaceOrientationPortrait UIInterfaceOrientationLandscapeLeft UIInterfaceOrientationLandscapeRight";
				LD_RUNPATH_SEARCH_PATHS = (
					"$(inherited)",
					"@executable_path/Frameworks",
				);
				MARKETING_VERSION = 1.0;
				PRODUCT_BUNDLE_IDENTIFIER = com.minlee.OCAppUsingSwift;
				PRODUCT_NAME = "$(TARGET_NAME)";
				SWIFT_EMIT_LOC_STRINGS = YES;
				SWIFT_OBJC_BRIDGING_HEADER = "OCAppUsingSwift/OCAppUsingSwift-Bridging-Header.h";
				SWIFT_OPTIMIZATION_LEVEL = "-Onone";
				SWIFT_VERSION = 5.0;
				TARGETED_DEVICE_FAMILY = "1,2";
			};
			name = Debug;
		};
		E83FD28D2BAADBAE0022880B /* Release */ = {
			isa = XCBuildConfiguration;
			buildSettings = {
				ASSETCATALOG_COMPILER_APPICON_NAME = AppIcon;
				ASSETCATALOG_COMPILER_GLOBAL_ACCENT_COLOR_NAME = AccentColor;
				CLANG_ENABLE_MODULES = YES;
				CODE_SIGN_STYLE = Automatic;
				CURRENT_PROJECT_VERSION = 1;
				DEVELOPMENT_TEAM = 2CKS67V9L2;
				GENERATE_INFOPLIST_FILE = YES;
				INFOPLIST_FILE = OCAppUsingSwift/Info.plist;
				INFOPLIST_KEY_UIApplicationSupportsIndirectInputEvents = YES;
				INFOPLIST_KEY_UILaunchStoryboardName = LaunchScreen;
				INFOPLIST_KEY_UIMainStoryboardFile = Main;
				INFOPLIST_KEY_UISupportedInterfaceOrientations_iPad = "UIInterfaceOrientationPortrait UIInterfaceOrientationPortraitUpsideDown UIInterfaceOrientationLandscapeLeft UIInterfaceOrientationLandscapeRight";
				INFOPLIST_KEY_UISupportedInterfaceOrientations_iPhone = "UIInterfaceOrientationPortrait UIInterfaceOrientationLandscapeLeft UIInterfaceOrientationLandscapeRight";
				LD_RUNPATH_SEARCH_PATHS = (
					"$(inherited)",
					"@executable_path/Frameworks",
				);
				MARKETING_VERSION = 1.0;
				PRODUCT_BUNDLE_IDENTIFIER = com.minlee.OCAppUsingSwift;
				PRODUCT_NAME = "$(TARGET_NAME)";
				SWIFT_EMIT_LOC_STRINGS = YES;
				SWIFT_OBJC_BRIDGING_HEADER = "OCAppUsingSwift/OCAppUsingSwift-Bridging-Header.h";
				SWIFT_VERSION = 5.0;
				TARGETED_DEVICE_FAMILY = "1,2";
			};
			name = Release;
		};
/* End XCBuildConfiguration section */

/* Begin XCConfigurationList section */
		E83FD26D2BAADBAC0022880B /* Build configuration list for PBXProject "OCAppUsingSwift" */ = {
			isa = XCConfigurationList;
			buildConfigurations = (
				E83FD2892BAADBAE0022880B /* Debug */,
				E83FD28A2BAADBAE0022880B /* Release */,
			);
			defaultConfigurationIsVisible = 0;
			defaultConfigurationName = Release;
		};
		E83FD28B2BAADBAE0022880B /* Build configuration list for PBXNativeTarget "OCAppUsingSwift" */ = {
			isa = XCConfigurationList;
			buildConfigurations = (
				E83FD28C2BAADBAE0022880B /* Debug */,
				E83FD28D2BAADBAE0022880B /* Release */,
			);
			defaultConfigurationIsVisible = 0;
			defaultConfigurationName = Release;
		};
/* End XCConfigurationList section */
	};
	rootObject = E83FD26A2BAADBAC0022880B /* Project object */;
}
